# generated by rye
# use `rye lock` or `rye sync` to update this lockfile
#
# last locked with the following flags:
#   pre: false
#   features: []
#   all-features: false
#   with-sources: false
#   generate-hashes: false
#   universal: false

-e file:.
annotated-types==0.7.0
    # via pydantic
anyio==4.4.0
    # via httpx
    # via starlette
    # via watchfiles
asttokens==2.4.1
    # via stack-data
babel==2.14.0
    # via mkdocs-material
bert-score==0.3.13
    # via bert-score-api
certifi==2024.2.2
    # via httpcore
    # via httpx
    # via requests
cfgv==3.4.0
    # via pre-commit
charset-normalizer==3.3.2
    # via requests
click==8.1.7
    # via mkdocs
    # via mkdocstrings
    # via typer
    # via uvicorn
cloudpickle==3.0.0
    # via scalene
colorama==0.4.6
    # via griffe
    # via mkdocs-material
comm==0.2.2
    # via ipykernel
contourpy==1.2.1
    # via matplotlib
coverage==7.5.0
    # via pytest-cov
cycler==0.12.1
    # via matplotlib
debugpy==1.8.1
    # via ipykernel
decorator==5.1.1
    # via ipython
distlib==0.3.8
    # via virtualenv
dnspython==2.6.1
    # via email-validator
email-validator==2.2.0
    # via fastapi
execnet==2.1.1
    # via pytest-xdist
executing==2.0.1
    # via stack-data
fastapi==0.112.0
    # via bert-score-api
fastapi-cli==0.0.5
    # via fastapi
filelock==3.14.0
    # via huggingface-hub
    # via torch
    # via transformers
    # via triton
    # via virtualenv
fonttools==4.53.1
    # via matplotlib
fsspec==2024.6.1
    # via huggingface-hub
    # via torch
ghp-import==2.1.0
    # via mkdocs
griffe==0.44.0
    # via mkdocstrings-python
h11==0.14.0
    # via httpcore
    # via uvicorn
httpcore==1.0.5
    # via httpx
httptools==0.6.1
    # via uvicorn
httpx==0.27.0
    # via fastapi
huggingface-hub==0.24.5
    # via tokenizers
    # via transformers
identify==2.5.36
    # via pre-commit
idna==3.7
    # via anyio
    # via email-validator
    # via httpx
    # via requests
iniconfig==2.0.0
    # via pytest
ipykernel==6.29.4
ipython==8.24.0
    # via ipykernel
jedi==0.19.1
    # via ipython
jinja2==3.1.3
    # via fastapi
    # via mkdocs
    # via mkdocs-material
    # via mkdocstrings
    # via scalene
    # via torch
jupyter-client==8.6.1
    # via ipykernel
jupyter-core==5.7.2
    # via ipykernel
    # via jupyter-client
kiwisolver==1.4.5
    # via matplotlib
markdown==3.6
    # via mkdocs
    # via mkdocs-autorefs
    # via mkdocs-material
    # via mkdocstrings
    # via pymdown-extensions
markdown-it-py==3.0.0
    # via rich
markupsafe==2.1.5
    # via jinja2
    # via mkdocs
    # via mkdocs-autorefs
    # via mkdocstrings
matplotlib==3.9.0
    # via bert-score
matplotlib-inline==0.1.7
    # via ipykernel
    # via ipython
mdurl==0.1.2
    # via markdown-it-py
mergedeep==1.3.4
    # via mkdocs
    # via mkdocs-get-deps
mkdocs==1.6.0
    # via mkdocs-autorefs
    # via mkdocs-material
    # via mkdocstrings
mkdocs-autorefs==1.0.1
    # via mkdocstrings
mkdocs-get-deps==0.2.0
    # via mkdocs
mkdocs-material==9.5.20
mkdocs-material-extensions==1.3.1
    # via mkdocs-material
mkdocstrings==0.25.0
    # via mkdocstrings-python
mkdocstrings-python==1.10.0
    # via mkdocstrings
mpmath==1.3.0
    # via sympy
mypy==1.10.0
mypy-extensions==1.0.0
    # via mypy
nest-asyncio==1.6.0
    # via ipykernel
networkx==3.3
    # via torch
nodeenv==1.8.0
    # via pre-commit
numpy==2.0.1
    # via bert-score
    # via contourpy
    # via matplotlib
    # via pandas
    # via transformers
nvidia-cublas-cu12==12.1.3.1
    # via nvidia-cudnn-cu12
    # via nvidia-cusolver-cu12
    # via torch
nvidia-cuda-cupti-cu12==12.1.105
    # via torch
nvidia-cuda-nvrtc-cu12==12.1.105
    # via torch
nvidia-cuda-runtime-cu12==12.1.105
    # via torch
nvidia-cudnn-cu12==9.1.0.70
    # via torch
nvidia-cufft-cu12==11.0.2.54
    # via torch
nvidia-curand-cu12==10.3.2.106
    # via torch
nvidia-cusolver-cu12==11.4.5.107
    # via torch
nvidia-cusparse-cu12==12.1.0.106
    # via nvidia-cusolver-cu12
    # via torch
nvidia-nccl-cu12==2.20.5
    # via torch
nvidia-nvjitlink-cu12==12.6.20
    # via nvidia-cusolver-cu12
    # via nvidia-cusparse-cu12
nvidia-nvtx-cu12==12.1.105
    # via torch
packaging==24.0
    # via bert-score
    # via huggingface-hub
    # via ipykernel
    # via matplotlib
    # via mkdocs
    # via pytest
    # via pytest-rerunfailures
    # via transformers
paginate==0.5.6
    # via mkdocs-material
pandas==2.2.2
    # via bert-score
parso==0.8.4
    # via jedi
pathspec==0.12.1
    # via mkdocs
pexpect==4.9.0
    # via ipython
pillow==10.4.0
    # via matplotlib
platformdirs==4.2.1
    # via jupyter-core
    # via mkdocs-get-deps
    # via mkdocstrings
    # via virtualenv
pluggy==1.5.0
    # via pytest
pre-commit==3.7.0
prompt-toolkit==3.0.43
    # via ipython
psutil==5.9.8
    # via ipykernel
    # via scalene
ptyprocess==0.7.0
    # via pexpect
pure-eval==0.2.2
    # via stack-data
pydantic==2.8.2
    # via fastapi
pydantic-core==2.20.1
    # via pydantic
pygments==2.17.2
    # via ipython
    # via mkdocs-material
    # via rich
pymdown-extensions==10.8.1
    # via mkdocs-material
    # via mkdocstrings
pynvml==11.4.1
    # via scalene
pyparsing==3.1.2
    # via matplotlib
pytest==8.2.0
    # via pytest-asyncio
    # via pytest-cov
    # via pytest-rerunfailures
    # via pytest-xdist
pytest-asyncio==0.23.8
pytest-cov==5.0.0
pytest-rerunfailures==14.0
pytest-xdist==3.6.1
python-dateutil==2.9.0.post0
    # via ghp-import
    # via jupyter-client
    # via matplotlib
    # via pandas
python-dotenv==1.0.1
    # via uvicorn
python-multipart==0.0.9
    # via fastapi
pytz==2024.1
    # via pandas
pyyaml==6.0.1
    # via huggingface-hub
    # via mkdocs
    # via mkdocs-get-deps
    # via pre-commit
    # via pymdown-extensions
    # via pyyaml-env-tag
    # via transformers
    # via uvicorn
pyyaml-env-tag==0.1
    # via mkdocs
pyzmq==26.0.3
    # via ipykernel
    # via jupyter-client
regex==2024.4.28
    # via mkdocs-material
    # via transformers
requests==2.31.0
    # via bert-score
    # via huggingface-hub
    # via mkdocs-material
    # via transformers
rich==13.7.1
    # via scalene
    # via typer
ruff==0.5.6
safetensors==0.4.4
    # via transformers
scalene==1.5.21.4
setuptools==69.5.1
    # via nodeenv
shellingham==1.5.4
    # via typer
six==1.16.0
    # via asttokens
    # via python-dateutil
sniffio==1.3.1
    # via anyio
    # via httpx
stack-data==0.6.3
    # via ipython
starlette==0.37.2
    # via fastapi
sympy==1.13.1
    # via torch
tokenizers==0.19.1
    # via transformers
torch==2.4.0
    # via bert-score
tornado==6.4
    # via ipykernel
    # via jupyter-client
tqdm==4.66.5
    # via bert-score
    # via huggingface-hub
    # via transformers
traitlets==5.14.3
    # via comm
    # via ipykernel
    # via ipython
    # via jupyter-client
    # via jupyter-core
    # via matplotlib-inline
transformers==4.43.4
    # via bert-score
triton==3.0.0
    # via torch
typer==0.12.3
    # via fastapi-cli
typing-extensions==4.11.0
    # via fastapi
    # via huggingface-hub
    # via ipython
    # via mypy
    # via pydantic
    # via pydantic-core
    # via torch
    # via typer
tzdata==2024.1
    # via pandas
ujson==5.10.0
urllib3==2.2.1
    # via requests
uvicorn==0.30.5
    # via fastapi
    # via fastapi-cli
uvloop==0.19.0
    # via uvicorn
virtualenv==20.26.1
    # via pre-commit
watchdog==4.0.0
    # via mkdocs
watchfiles==0.22.0
    # via uvicorn
wcwidth==0.2.13
    # via prompt-toolkit
websockets==12.0
    # via uvicorn
wheel==0.43.0
    # via scalene
